
Microsoft Visual Studio Solution File, Format Version 12.00
# Visual Studio Version 16
VisualStudioVersion = 16.0.31229.75
MinimumVisualStudioVersion = 10.0.40219.1
Project("{2150E333-8FDC-42A3-9474-1A3956D46DE8}") = "Homework-Lesson-1", "Homework-Lesson-1", "{C9DDA97C-747E-4652-9701-EC8899B75F50}"
EndProject
Project("{FAE04EC0-301F-11D3-BF4B-00C04F79EFBC}") = "Task-1", "Task-1\Task-1.csproj", "{E8B19E61-02BB-4C65-A390-9CB287AB9DED}"
EndProject
Project("{FAE04EC0-301F-11D3-BF4B-00C04F79EFBC}") = "Task-2", "Task-2\Task-2.csproj", "{4332DC88-0C87-4ABB-AB5F-7ADEC5074C35}"
EndProject
Project("{FAE04EC0-301F-11D3-BF4B-00C04F79EFBC}") = "Task-3", "Task-3\Task-3.csproj", "{5AE84732-4EF7-4DCB-8391-5BF2738F5EC7}"
EndProject
Project("{FAE04EC0-301F-11D3-BF4B-00C04F79EFBC}") = "Task-4", "Task-4\Task-4.csproj", "{5F2E6BA5-619B-406F-9AC2-44618ABCC96B}"
EndProject
Project("{FAE04EC0-301F-11D3-BF4B-00C04F79EFBC}") = "Task-5", "Task-5\Task-5.csproj", "{1BD2D162-A83C-493F-99E6-AC57A203D2FB}"
EndProject
Project("{FAE04EC0-301F-11D3-BF4B-00C04F79EFBC}") = "Task-6", "Task-6\Task-6.csproj", "{2F6AF6B3-A697-4E81-B4C1-CAD1984744E1}"
EndProject
Global
	GlobalSection(SolutionConfigurationPlatforms) = preSolution
		Debug|Any CPU = Debug|Any CPU
		Release|Any CPU = Release|Any CPU
	EndGlobalSection
	GlobalSection(ProjectConfigurationPlatforms) = postSolution
		{E8B19E61-02BB-4C65-A390-9CB287AB9DED}.Debug|Any CPU.ActiveCfg = Debug|Any CPU
		{E8B19E61-02BB-4C65-A390-9CB287AB9DED}.Debug|Any CPU.Build.0 = Debug|Any CPU
		{E8B19E61-02BB-4C65-A390-9CB287AB9DED}.Release|Any CPU.ActiveCfg = Release|Any CPU
		{E8B19E61-02BB-4C65-A390-9CB287AB9DED}.Release|Any CPU.Build.0 = Release|Any CPU
		{4332DC88-0C87-4ABB-AB5F-7ADEC5074C35}.Debug|Any CPU.ActiveCfg = Debug|Any CPU
		{4332DC88-0C87-4ABB-AB5F-7ADEC5074C35}.Debug|Any CPU.Build.0 = Debug|Any CPU
		{4332DC88-0C87-4ABB-AB5F-7ADEC5074C35}.Release|Any CPU.ActiveCfg = Release|Any CPU
		{4332DC88-0C87-4ABB-AB5F-7ADEC5074C35}.Release|Any CPU.Build.0 = Release|Any CPU
		{5AE84732-4EF7-4DCB-8391-5BF2738F5EC7}.Debug|Any CPU.ActiveCfg = Debug|Any CPU
		{5AE84732-4EF7-4DCB-8391-5BF2738F5EC7}.Debug|Any CPU.Build.0 = Debug|Any CPU
		{5AE84732-4EF7-4DCB-8391-5BF2738F5EC7}.Release|Any CPU.ActiveCfg = Release|Any CPU
		{5AE84732-4EF7-4DCB-8391-5BF2738F5EC7}.Release|Any CPU.Build.0 = Release|Any CPU
		{5F2E6BA5-619B-406F-9AC2-44618ABCC96B}.Debug|Any CPU.ActiveCfg = Debug|Any CPU
		{5F2E6BA5-619B-406F-9AC2-44618ABCC96B}.Debug|Any CPU.Build.0 = Debug|Any CPU
		{5F2E6BA5-619B-406F-9AC2-44618ABCC96B}.Release|Any CPU.ActiveCfg = Release|Any CPU
		{5F2E6BA5-619B-406F-9AC2-44618ABCC96B}.Release|Any CPU.Build.0 = Release|Any CPU
		{1BD2D162-A83C-493F-99E6-AC57A203D2FB}.Debug|Any CPU.ActiveCfg = Debug|Any CPU
		{1BD2D162-A83C-493F-99E6-AC57A203D2FB}.Debug|Any CPU.Build.0 = Debug|Any CPU
		{1BD2D162-A83C-493F-99E6-AC57A203D2FB}.Release|Any CPU.ActiveCfg = Release|Any CPU
		{1BD2D162-A83C-493F-99E6-AC57A203D2FB}.Release|Any CPU.Build.0 = Release|Any CPU
		{2F6AF6B3-A697-4E81-B4C1-CAD1984744E1}.Debug|Any CPU.ActiveCfg = Debug|Any CPU
		{2F6AF6B3-A697-4E81-B4C1-CAD1984744E1}.Debug|Any CPU.Build.0 = Debug|Any CPU
		{2F6AF6B3-A697-4E81-B4C1-CAD1984744E1}.Release|Any CPU.ActiveCfg = Release|Any CPU
		{2F6AF6B3-A697-4E81-B4C1-CAD1984744E1}.Release|Any CPU.Build.0 = Release|Any CPU
	EndGlobalSection
	GlobalSection(SolutionProperties) = preSolution
		HideSolutionNode = FALSE
	EndGlobalSection
	GlobalSection(NestedProjects) = preSolution
		{E8B19E61-02BB-4C65-A390-9CB287AB9DED} = {C9DDA97C-747E-4652-9701-EC8899B75F50}
		{4332DC88-0C87-4ABB-AB5F-7ADEC5074C35} = {C9DDA97C-747E-4652-9701-EC8899B75F50}
		{5AE84732-4EF7-4DCB-8391-5BF2738F5EC7} = {C9DDA97C-747E-4652-9701-EC8899B75F50}
		{5F2E6BA5-619B-406F-9AC2-44618ABCC96B} = {C9DDA97C-747E-4652-9701-EC8899B75F50}
		{1BD2D162-A83C-493F-99E6-AC57A203D2FB} = {C9DDA97C-747E-4652-9701-EC8899B75F50}
		{2F6AF6B3-A697-4E81-B4C1-CAD1984744E1} = {C9DDA97C-747E-4652-9701-EC8899B75F50}
	EndGlobalSection
	GlobalSection(ExtensibilityGlobals) = postSolution
		SolutionGuid = {2F91F77E-779C-4E66-972C-A77D62C09368}
	EndGlobalSection
EndGlobal
